<?xml version="1.0" encoding="UTF-8" standalone="yes" ?>
<CodeBlocks_project_file>
	<FileVersion major="1" minor="6" />
	<Project>
		<Option title="IDZ80" />
		<Option pch_mode="2" />
		<Option compiler="gcc" />
		<Build>
			<Target title="Debug">
				<Option output="bin\Debug\IDZ80" prefix_auto="1" extension_auto="1" />
				<Option object_output="obj\Debug\" />
				<Option type="0" />
				<Option compiler="gcc" />
				<Option parameters="D:\Felipe\MSX\Software\Programas\Asm\teste.com" />
				<Option projectLinkerOptionsRelation="2" />
				<Option projectResourceIncludeDirsRelation="0" />
				<Compiler>
					<Add option="-march=pentium-mmx" />
					<Add option="-Wredundant-decls" />
					<Add option="-Wall" />
					<Add option="-g" />
					<Add option="-D__WXDEBUG__" />
					<Add option="-DIDZ80DEBUG" />
					<Add directory="$(WXW)\lib\gcc_dll\mswud" />
				</Compiler>
				<Linker>
					<Add library="$(WXW)\lib\gcc_dll\wxmsw292ud_gcc_custom.dll" />
					<Add directory="$(WXW)\lib\gcc_dll" />
				</Linker>
			</Target>
			<Target title="Release">
				<Option output="bin\Release\IDZ80" prefix_auto="1" extension_auto="1" />
				<Option object_output="bin\Release\" />
				<Option type="0" />
				<Option compiler="gcc" />
				<Compiler>
					<Add option="-march=nocona" />
					<Add option="-O2" />
					<Add option="-Wall" />
					<Add option="-pg" />
					<Add directory="$(WXW)\lib\gcc_dll\mswu" />
				</Compiler>
				<Linker>
					<Add option="-s" />
					<Add option="-pg -lgmon" />
					<Add library="$(WXW)\lib\gcc_dll\wxmsw292u_gcc_custom.dll" />
					<Add directory="$(WXW)\lib\gcc_dll" />
				</Linker>
			</Target>
			<Environment>
				<Variable name="WXW" value="P:\wxWidgets-2.9.2" />
			</Environment>
		</Build>
		<Compiler>
			<Add option="-march=i586" />
			<Add option="-Wall" />
			<Add option="-pipe" />
			<Add option="-mthreads" />
			<Add option='[[if (PLATFORM == PLATFORM_MSW &amp;&amp; (GetCompilerFactory().GetCompilerVersionString(_T(&quot;gcc&quot;)) &gt;= _T(&quot;4.0.0&quot;))) print(_T(&quot;-Wno-attributes&quot;));]]' />
			<Add option="-D__GNUWIN32__" />
			<Add option="-D__WXMSW__" />
			<Add option="-DWXUSINGDLL" />
			<Add option="-DwxUSE_UNICODE" />
			<Add directory="$(WXW)\include" />
			<Add directory="$(WXW)\contrib\include" />
		</Compiler>
		<ResourceCompiler>
			<Add directory="$(WXW)\include" />
		</ResourceCompiler>
		<Unit filename="resource.rc">
			<Option compilerVar="WINDRES" />
		</Unit>
		<Unit filename="src\EditLabelDlg.cpp" />
		<Unit filename="src\EditLabelDlg.h" />
		<Unit filename="src\FileTypeDialog.cpp" />
		<Unit filename="src\FileTypeDialog.h" />
		<Unit filename="src\IDZ80.cpp" />
		<Unit filename="src\IDZ80.h" />
		<Unit filename="src\IDZ80App.cpp" />
		<Unit filename="src\IDZ80App.h" />
		<Unit filename="src\IDZ80Base.h" />
		<Unit filename="src\MnemonicItem.cpp" />
		<Unit filename="src\MnemonicItem.h" />
		<Unit filename="src\ProcessData.cpp" />
		<Unit filename="src\ProcessData.h" />
		<Unit filename="src\ShowFileInfo.cpp" />
		<Unit filename="src\ShowFileInfo.h" />
		<Unit filename="src\codegenerator.cpp" />
		<Unit filename="src\codegenerator.h" />
		<Unit filename="src\codeview.cpp" />
		<Unit filename="src\codeview.h" />
		<Unit filename="src\codeviewline.cpp" />
		<Unit filename="src\codeviewline.h" />
		<Unit filename="src\d_asm_element.cpp" />
		<Unit filename="src\d_asm_element.h" />
		<Unit filename="src\dasmdata.cpp" />
		<Unit filename="src\dasmdata.h" />
		<Unit filename="src\labelslist.cpp" />
		<Unit filename="src\labelslist.h" />
		<Unit filename="src\mndb.cpp" />
		<Unit filename="src\mndb.h" />
		<Unit filename="src\mndb_tools.cpp" />
		<Unit filename="src\mndb_tools.h" />
		<Unit filename="src\projectmanager.cpp" />
		<Unit filename="src\projectmanager.h" />
		<Unit filename="src\rawdata.cpp" />
		<Unit filename="src\rawdata.h" />
		<Unit filename="src\version.h" />
		<Unit filename="wxsmith\FileTypeDialog.wxs" />
		<Extensions>
			<code_completion />
			<debugger />
			<wxsmith version="1">
				<gui name="wxWidgets" src="src\IDZ80App.cpp" main="IDZ80" init_handlers="never" language="CPP" />
				<resources>
					<wxDialog wxs="wxsmith/FileTypeDialog.wxs" src="FileTypeDialog.cpp" hdr="FileTypeDialog.h" fwddecl="0" i18n="1" name="FileTypeDialog" language="CPP" />
					<wxFrame wxs="wxsmith/IDZ80.wxs" src="src/IDZ80.cpp" hdr="src/IDZ80.h" fwddecl="0" i18n="1" name="IDZ80" language="CPP" />
					<wxDialog wxs="wxsmith/EditLabelDlg.wxs" src="src/EditLabelDlg.cpp" hdr="src/EditLabelDlg.h" fwddecl="0" i18n="1" name="EditLabelDlg" language="CPP" />
				</resources>
			</wxsmith>
			<envvars />
			<AutoVersioning>
				<Scheme minor_max="10" build_max="0" rev_max="0" rev_rand_max="10" build_times_to_increment_minor="100" />
				<Settings autoincrement="1" date_declarations="1" update_manifest="1" do_auto_increment="1" ask_to_increment="0" language="C++" svn="0" svn_directory="" header_path="src\version.h" />
				<Changes_Log show_changes_editor="0" app_title="released version %M.%m.%b of %p" changeslog_path="ChangesLog.txt" />
				<Code header_guard="VERSION_H" namespace="AutoVersion" prefix="" />
			</AutoVersioning>
			<DoxyBlocks>
				<comment_style block="0" line="0" />
				<doxyfile_project />
				<doxyfile_build />
				<doxyfile_warnings />
				<doxyfile_output />
				<doxyfile_dot />
				<general />
			</DoxyBlocks>
		</Extensions>
	</Project>
</CodeBlocks_project_file>
